// !$*UTF8*$!
{
	archiveVersion = 1;
	classes = {
	};
	objectVersion = 50;
	objects = {

/* Begin PBXBuildFile section */
		831105122576CA1100B1B1A2 /* Constants.swift in Sources */ = {isa = PBXBuildFile; fileRef = 831105112576CA1000B1B1A2 /* Constants.swift */; };
		835BFD6A256D3E3A00C97772 /* SignUpController.swift in Sources */ = {isa = PBXBuildFile; fileRef = 835BFD69256D3E3A00C97772 /* SignUpController.swift */; };
		835BFD6D256D3EB600C97772 /* SignInController.swift in Sources */ = {isa = PBXBuildFile; fileRef = 835BFD6C256D3EB600C97772 /* SignInController.swift */; };
		835BFD70256D3EC800C97772 /* SettingsController.swift in Sources */ = {isa = PBXBuildFile; fileRef = 835BFD6F256D3EC800C97772 /* SettingsController.swift */; };
		835BFD73256D3ED700C97772 /* ReportControllerOne.swift in Sources */ = {isa = PBXBuildFile; fileRef = 835BFD72256D3ED700C97772 /* ReportControllerOne.swift */; };
		835BFD76256D3EE700C97772 /* ReportControllerTwo.swift in Sources */ = {isa = PBXBuildFile; fileRef = 835BFD75256D3EE700C97772 /* ReportControllerTwo.swift */; };
		835BFD79256D3F1300C97772 /* ReportControllerThree.swift in Sources */ = {isa = PBXBuildFile; fileRef = 835BFD78256D3F1300C97772 /* ReportControllerThree.swift */; };
		835BFD7C256D3F5F00C97772 /* TermsController.swift in Sources */ = {isa = PBXBuildFile; fileRef = 835BFD7B256D3F5F00C97772 /* TermsController.swift */; };
		83E5BFB4256AB648005C56B0 /* AppDelegate.swift in Sources */ = {isa = PBXBuildFile; fileRef = 83E5BFB3256AB648005C56B0 /* AppDelegate.swift */; };
		83E5BFB6256AB648005C56B0 /* SceneDelegate.swift in Sources */ = {isa = PBXBuildFile; fileRef = 83E5BFB5256AB648005C56B0 /* SceneDelegate.swift */; };
		83E5BFB8256AB648005C56B0 /* MainController.swift in Sources */ = {isa = PBXBuildFile; fileRef = 83E5BFB7256AB648005C56B0 /* MainController.swift */; };
		83E5BFBB256AB648005C56B0 /* Main.storyboard in Resources */ = {isa = PBXBuildFile; fileRef = 83E5BFB9256AB648005C56B0 /* Main.storyboard */; };
		83E5BFBD256AB64C005C56B0 /* Assets.xcassets in Resources */ = {isa = PBXBuildFile; fileRef = 83E5BFBC256AB64C005C56B0 /* Assets.xcassets */; };
		83E5BFC0256AB64C005C56B0 /* LaunchScreen.storyboard in Resources */ = {isa = PBXBuildFile; fileRef = 83E5BFBE256AB64C005C56B0 /* LaunchScreen.storyboard */; };
/* End PBXBuildFile section */

/* Begin PBXFileReference section */
		831105112576CA1000B1B1A2 /* Constants.swift */ = {isa = PBXFileReference; lastKnownFileType = sourcecode.swift; path = Constants.swift; sourceTree = "<group>"; };
		835BFD69256D3E3A00C97772 /* SignUpController.swift */ = {isa = PBXFileReference; lastKnownFileType = sourcecode.swift; path = SignUpController.swift; sourceTree = "<group>"; };
		835BFD6C256D3EB600C97772 /* SignInController.swift */ = {isa = PBXFileReference; lastKnownFileType = sourcecode.swift; path = SignInController.swift; sourceTree = "<group>"; };
		835BFD6F256D3EC800C97772 /* SettingsController.swift */ = {isa = PBXFileReference; lastKnownFileType = sourcecode.swift; path = SettingsController.swift; sourceTree = "<group>"; };
		835BFD72256D3ED700C97772 /* ReportControllerOne.swift */ = {isa = PBXFileReference; lastKnownFileType = sourcecode.swift; path = ReportControllerOne.swift; sourceTree = "<group>"; };
		835BFD75256D3EE700C97772 /* ReportControllerTwo.swift */ = {isa = PBXFileReference; lastKnownFileType = sourcecode.swift; path = ReportControllerTwo.swift; sourceTree = "<group>"; };
		835BFD78256D3F1300C97772 /* ReportControllerThree.swift */ = {isa = PBXFileReference; lastKnownFileType = sourcecode.swift; path = ReportControllerThree.swift; sourceTree = "<group>"; };
		835BFD7B256D3F5F00C97772 /* TermsController.swift */ = {isa = PBXFileReference; lastKnownFileType = sourcecode.swift; path = TermsController.swift; sourceTree = "<group>"; };
		83E5BFB0256AB648005C56B0 /* Kanarek.app */ = {isa = PBXFileReference; explicitFileType = wrapper.application; includeInIndex = 0; path = Kanarek.app; sourceTree = BUILT_PRODUCTS_DIR; };
		83E5BFB3256AB648005C56B0 /* AppDelegate.swift */ = {isa = PBXFileReference; lastKnownFileType = sourcecode.swift; path = AppDelegate.swift; sourceTree = "<group>"; };
		83E5BFB5256AB648005C56B0 /* SceneDelegate.swift */ = {isa = PBXFileReference; lastKnownFileType = sourcecode.swift; path = SceneDelegate.swift; sourceTree = "<group>"; };
		83E5BFB7256AB648005C56B0 /* MainController.swift */ = {isa = PBXFileReference; lastKnownFileType = sourcecode.swift; path = MainController.swift; sourceTree = "<group>"; };
		83E5BFBA256AB648005C56B0 /* Base */ = {isa = PBXFileReference; lastKnownFileType = file.storyboard; name = Base; path = Base.lproj/Main.storyboard; sourceTree = "<group>"; };
		83E5BFBC256AB64C005C56B0 /* Assets.xcassets */ = {isa = PBXFileReference; lastKnownFileType = folder.assetcatalog; path = Assets.xcassets; sourceTree = "<group>"; };
		83E5BFBF256AB64C005C56B0 /* Base */ = {isa = PBXFileReference; lastKnownFileType = file.storyboard; name = Base; path = Base.lproj/LaunchScreen.storyboard; sourceTree = "<group>"; };
		83E5BFC1256AB64C005C56B0 /* Info.plist */ = {isa = PBXFileReference; lastKnownFileType = text.plist.xml; path = Info.plist; sourceTree = "<group>"; };
/* End PBXFileReference section */

/* Begin PBXFrameworksBuildPhase section */
		83E5BFAD256AB648005C56B0 /* Frameworks */ = {
			isa = PBXFrameworksBuildPhase;
			buildActionMask = 2147483647;
			files = (
			);
			runOnlyForDeploymentPostprocessing = 0;
		};
/* End PBXFrameworksBuildPhase section */

/* Begin PBXGroup section */
		8342BAE8256C31D00008880B /* Controllers */ = {
			isa = PBXGroup;
			children = (
				83E5BFB7256AB648005C56B0 /* MainController.swift */,
				835BFD69256D3E3A00C97772 /* SignUpController.swift */,
				835BFD6C256D3EB600C97772 /* SignInController.swift */,
				835BFD6F256D3EC800C97772 /* SettingsController.swift */,
				835BFD72256D3ED700C97772 /* ReportControllerOne.swift */,
				835BFD75256D3EE700C97772 /* ReportControllerTwo.swift */,
				835BFD78256D3F1300C97772 /* ReportControllerThree.swift */,
				835BFD7B256D3F5F00C97772 /* TermsController.swift */,
			);
			path = Controllers;
			sourceTree = "<group>";
		};
		8342BAEA256C31F10008880B /* Views */ = {
			isa = PBXGroup;
			children = (
				83E5BFB9256AB648005C56B0 /* Main.storyboard */,
			);
			path = Views;
			sourceTree = "<group>";
		};
		8342BAEB256C32090008880B /* Model */ = {
			isa = PBXGroup;
			children = (
			);
			path = Model;
			sourceTree = "<group>";
		};
		83E5BFA7256AB648005C56B0 = {
			isa = PBXGroup;
			children = (
				83E5BFB2256AB648005C56B0 /* Kanarek */,
				83E5BFB1256AB648005C56B0 /* Products */,
			);
			sourceTree = "<group>";
		};
		83E5BFB1256AB648005C56B0 /* Products */ = {
			isa = PBXGroup;
			children = (
				83E5BFB0256AB648005C56B0 /* Kanarek.app */,
			);
			name = Products;
			sourceTree = "<group>";
		};
		83E5BFB2256AB648005C56B0 /* Kanarek */ = {
			isa = PBXGroup;
			children = (
				83E5BFB3256AB648005C56B0 /* AppDelegate.swift */,
				83E5BFB5256AB648005C56B0 /* SceneDelegate.swift */,
				8342BAEB256C32090008880B /* Model */,
				8342BAE8256C31D00008880B /* Controllers */,
				8342BAEA256C31F10008880B /* Views */,
				83E5BFBC256AB64C005C56B0 /* Assets.xcassets */,
				83E5BFBE256AB64C005C56B0 /* LaunchScreen.storyboard */,
				83E5BFC1256AB64C005C56B0 /* Info.plist */,
				831105112576CA1000B1B1A2 /* Constants.swift */,
			);
			path = Kanarek;
			sourceTree = "<group>";
		};
/* End PBXGroup section */

/* Begin PBXNativeTarget section */
		83E5BFAF256AB648005C56B0 /* Kanarek */ = {
			isa = PBXNativeTarget;
			buildConfigurationList = 83E5BFC4256AB64C005C56B0 /* Build configuration list for PBXNativeTarget "Kanarek" */;
			buildPhases = (
				83E5BFAC256AB648005C56B0 /* Sources */,
				83E5BFAD256AB648005C56B0 /* Frameworks */,
				83E5BFAE256AB648005C56B0 /* Resources */,
			);
			buildRules = (
			);
			dependencies = (
			);
			name = Kanarek;
			productName = Kanarek;
			productReference = 83E5BFB0256AB648005C56B0 /* Kanarek.app */;
			productType = "com.apple.product-type.application";
		};
/* End PBXNativeTarget section */

/* Begin PBXProject section */
		83E5BFA8256AB648005C56B0 /* Project object */ = {
			isa = PBXProject;
			attributes = {
				LastSwiftUpdateCheck = 1220;
				LastUpgradeCheck = 1220;
				TargetAttributes = {
					83E5BFAF256AB648005C56B0 = {
						CreatedOnToolsVersion = 12.2;
					};
				};
			};
			buildConfigurationList = 83E5BFAB256AB648005C56B0 /* Build configuration list for PBXProject "Kanarek" */;
			compatibilityVersion = "Xcode 9.3";
			developmentRegion = en;
			hasScannedForEncodings = 0;
			knownRegions = (
				en,
				Base,
			);
			mainGroup = 83E5BFA7256AB648005C56B0;
			productRefGroup = 83E5BFB1256AB648005C56B0 /* Products */;
			projectDirPath = "";
			projectRoot = "";
			targets = (
				83E5BFAF256AB648005C56B0 /* Kanarek */,
			);
		};
/* End PBXProject section */

/* Begin PBXResourcesBuildPhase section */
		83E5BFAE256AB648005C56B0 /* Resources */ = {
			isa = PBXResourcesBuildPhase;
			buildActionMask = 2147483647;
			files = (
				83E5BFC0256AB64C005C56B0 /* LaunchScreen.storyboard in Resources */,
				83E5BFBD256AB64C005C56B0 /* Assets.xcassets in Resources */,
				83E5BFBB256AB648005C56B0 /* Main.storyboard in Resources */,
			);
			runOnlyForDeploymentPostprocessing = 0;
		};
/* End PBXResourcesBuildPhase section */

/* Begin PBXSourcesBuildPhase section */
		83E5BFAC256AB648005C56B0 /* Sources */ = {
			isa = PBXSourcesBuildPhase;
			buildActionMask = 2147483647;
			files = (
				835BFD70256D3EC800C97772 /* SettingsController.swift in Sources */,
				831105122576CA1100B1B1A2 /* Constants.swift in Sources */,
				83E5BFB8256AB648005C56B0 /* MainController.swift in Sources */,
				83E5BFB4256AB648005C56B0 /* AppDelegate.swift in Sources */,
				835BFD79256D3F1300C97772 /* ReportControllerThree.swift in Sources */,
				835BFD73256D3ED700C97772 /* ReportControllerOne.swift in Sources */,
				835BFD7C256D3F5F00C97772 /* TermsController.swift in Sources */,
				83E5BFB6256AB648005C56B0 /* SceneDelegate.swift in Sources */,
				835BFD6D256D3EB600C97772 /* SignInController.swift in Sources */,
				835BFD76256D3EE700C97772 /* ReportControllerTwo.swift in Sources */,
				835BFD6A256D3E3A00C97772 /* SignUpController.swift in Sources */,
			);
			runOnlyForDeploymentPostprocessing = 0;
		};
/* End PBXSourcesBuildPhase section */

/* Begin PBXVariantGroup section */
		83E5BFB9256AB648005C56B0 /* Main.storyboard */ = {
			isa = PBXVariantGroup;
			children = (
				83E5BFBA256AB648005C56B0 /* Base */,
			);
			name = Main.storyboard;
			sourceTree = "<group>";
		};
		83E5BFBE256AB64C005C56B0 /* LaunchScreen.storyboard */ = {
			isa = PBXVariantGroup;
			children = (
				83E5BFBF256AB64C005C56B0 /* Base */,
			);
			name = LaunchScreen.storyboard;
			sourceTree = "<group>";
		};
/* End PBXVariantGroup section */

/* Begin XCBuildConfiguration section */
		83E5BFC2256AB64C005C56B0 /* Debug */ = {
			isa = XCBuildConfiguration;
			buildSettings = {
				ALWAYS_SEARCH_USER_PATHS = NO;
				CLANG_ANALYZER_NONNULL = YES;
				CLANG_ANALYZER_NUMBER_OBJECT_CONVERSION = YES_AGGRESSIVE;
				CLANG_CXX_LANGUAGE_STANDARD = "gnu++14";
				CLANG_CXX_LIBRARY = "libc++";
				CLANG_ENABLE_MODULES = YES;
				CLANG_ENABLE_OBJC_ARC = YES;
				CLANG_ENABLE_OBJC_WEAK = YES;
				CLANG_WARN_BLOCK_CAPTURE_AUTORELEASING = YES;
				CLANG_WARN_BOOL_CONVERSION = YES;
				CLANG_WARN_COMMA = YES;
				CLANG_WARN_CONSTANT_CONVERSION = YES;
				CLANG_WARN_DEPRECATED_OBJC_IMPLEMENTATIONS = YES;
				CLANG_WARN_DIRECT_OBJC_ISA_USAGE = YES_ERROR;
				CLANG_WARN_DOCUMENTATION_COMMENTS = YES;
				CLANG_WARN_EMPTY_BODY = YES;
				CLANG_WARN_ENUM_CONVERSION = YES;
				CLANG_WARN_INFINITE_RECURSION = YES;
				CLANG_WARN_INT_CONVERSION = YES;
				CLANG_WARN_NON_LITERAL_NULL_CONVERSION = YES;
				CLANG_WARN_OBJC_IMPLICIT_RETAIN_SELF = YES;
				CLANG_WARN_OBJC_LITERAL_CONVERSION = YES;
				CLANG_WARN_OBJC_ROOT_CLASS = YES_ERROR;
				CLANG_WARN_QUOTED_INCLUDE_IN_FRAMEWORK_HEADER = YES;
				CLANG_WARN_RANGE_LOOP_ANALYSIS = YES;
				CLANG_WARN_STRICT_PROTOTYPES = YES;
				CLANG_WARN_SUSPICIOUS_MOVE = YES;
				CLANG_WARN_UNGUARDED_AVAILABILITY = YES_AGGRESSIVE;
				CLANG_WARN_UNREACHABLE_CODE = YES;
				CLANG_WARN__DUPLICATE_METHOD_MATCH = YES;
				COPY_PHASE_STRIP = NO;
				DEBUG_INFORMATION_FORMAT = dwarf;
				ENABLE_STRICT_OBJC_MSGSEND = YES;
				ENABLE_TESTABILITY = YES;
				GCC_C_LANGUAGE_STANDARD = gnu11;
				GCC_DYNAMIC_NO_PIC = NO;
				GCC_NO_COMMON_BLOCKS = YES;
				GCC_OPTIMIZATION_LEVEL = 0;
				GCC_PREPROCESSOR_DEFINITIONS = (
					"DEBUG=1",
					"$(inherited)",
				);
				GCC_WARN_64_TO_32_BIT_CONVERSION = YES;
				GCC_WARN_ABOUT_RETURN_TYPE = YES_ERROR;
				GCC_WARN_UNDECLARED_SELECTOR = YES;
				GCC_WARN_UNINITIALIZED_AUTOS = YES_AGGRESSIVE;
				GCC_WARN_UNUSED_FUNCTION = YES;
				GCC_WARN_UNUSED_VARIABLE = YES;
				IPHONEOS_DEPLOYMENT_TARGET = 14.2;
				MTL_ENABLE_DEBUG_INFO = INCLUDE_SOURCE;
				MTL_FAST_MATH = YES;
				ONLY_ACTIVE_ARCH = YES;
				SDKROOT = iphoneos;
				SWIFT_ACTIVE_COMPILATION_CONDITIONS = DEBUG;
				SWIFT_OPTIMIZATION_LEVEL = "-Onone";
			};
			name = Debug;
		};
		83E5BFC3256AB64C005C56B0 /* Release */ = {
			isa = XCBuildConfiguration;
			buildSettings = {
				ALWAYS_SEARCH_USER_PATHS = NO;
				CLANG_ANALYZER_NONNULL = YES;
				CLANG_ANALYZER_NUMBER_OBJECT_CONVERSION = YES_AGGRESSIVE;
				CLANG_CXX_LANGUAGE_STANDARD = "gnu++14";
				CLANG_CXX_LIBRARY = "libc++";
				CLANG_ENABLE_MODULES = YES;
				CLANG_ENABLE_OBJC_ARC = YES;
				CLANG_ENABLE_OBJC_WEAK = YES;
				CLANG_WARN_BLOCK_CAPTURE_AUTORELEASING = YES;
				CLANG_WARN_BOOL_CONVERSION = YES;
				CLANG_WARN_COMMA = YES;
				CLANG_WARN_CONSTANT_CONVERSION = YES;
				CLANG_WARN_DEPRECATED_OBJC_IMPLEMENTATIONS = YES;
				CLANG_WARN_DIRECT_OBJC_ISA_USAGE = YES_ERROR;
				CLANG_WARN_DOCUMENTATION_COMMENTS = YES;
				CLANG_WARN_EMPTY_BODY = YES;
				CLANG_WARN_ENUM_CONVERSION = YES;
				CLANG_WARN_INFINITE_RECURSION = YES;
				CLANG_WARN_INT_CONVERSION = YES;
				CLANG_WARN_NON_LITERAL_NULL_CONVERSION = YES;
				CLANG_WARN_OBJC_IMPLICIT_RETAIN_SELF = YES;
				CLANG_WARN_OBJC_LITERAL_CONVERSION = YES;
				CLANG_WARN_OBJC_ROOT_CLASS = YES_ERROR;
				CLANG_WARN_QUOTED_INCLUDE_IN_FRAMEWORK_HEADER = YES;
				CLANG_WARN_RANGE_LOOP_ANALYSIS = YES;
				CLANG_WARN_STRICT_PROTOTYPES = YES;
				CLANG_WARN_SUSPICIOUS_MOVE = YES;
				CLANG_WARN_UNGUARDED_AVAILABILITY = YES_AGGRESSIVE;
				CLANG_WARN_UNREACHABLE_CODE = YES;
				CLANG_WARN__DUPLICATE_METHOD_MATCH = YES;
				COPY_PHASE_STRIP = NO;
				DEBUG_INFORMATION_FORMAT = "dwarf-with-dsym";
				ENABLE_NS_ASSERTIONS = NO;
				ENABLE_STRICT_OBJC_MSGSEND = YES;
				GCC_C_LANGUAGE_STANDARD = gnu11;
				GCC_NO_COMMON_BLOCKS = YES;
				GCC_WARN_64_TO_32_BIT_CONVERSION = YES;
				GCC_WARN_ABOUT_RETURN_TYPE = YES_ERROR;
				GCC_WARN_UNDECLARED_SELECTOR = YES;
				GCC_WARN_UNINITIALIZED_AUTOS = YES_AGGRESSIVE;
				GCC_WARN_UNUSED_FUNCTION = YES;
				GCC_WARN_UNUSED_VARIABLE = YES;
				IPHONEOS_DEPLOYMENT_TARGET = 14.2;
				MTL_ENABLE_DEBUG_INFO = NO;
				MTL_FAST_MATH = YES;
				SDKROOT = iphoneos;
				SWIFT_COMPILATION_MODE = wholemodule;
				SWIFT_OPTIMIZATION_LEVEL = "-O";
				VALIDATE_PRODUCT = YES;
			};
			name = Release;
		};
		83E5BFC5256AB64C005C56B0 /* Debug */ = {
			isa = XCBuildConfiguration;
			buildSettings = {
				ASSETCATALOG_COMPILER_APPICON_NAME = AppIcon;
				ASSETCATALOG_COMPILER_GLOBAL_ACCENT_COLOR_NAME = AccentColor;
				CODE_SIGN_STYLE = Automatic;
				DEVELOPMENT_TEAM = DZJN725K7K;
				INFOPLIST_FILE = Kanarek/Info.plist;
				IPHONEOS_DEPLOYMENT_TARGET = 14.0;
				LD_RUNPATH_SEARCH_PATHS = (
					"$(inherited)",
					"@executable_path/Frameworks",
				);
				PRODUCT_BUNDLE_IDENTIFIER = com.CYDev.Kanarek;
				PRODUCT_NAME = "$(TARGET_NAME)";
				SWIFT_VERSION = 5.0;
				TARGETED_DEVICE_FAMILY = 1;
			};
			name = Debug;
		};
		83E5BFC6256AB64C005C56B0 /* Release */ = {
			isa = XCBuildConfiguration;
			buildSettings = {
				ASSETCATALOG_COMPILER_APPICON_NAME = AppIcon;
				ASSETCATALOG_COMPILER_GLOBAL_ACCENT_COLOR_NAME = AccentColor;
				CODE_SIGN_STYLE = Automatic;
				DEVELOPMENT_TEAM = DZJN725K7K;
				INFOPLIST_FILE = Kanarek/Info.plist;
				IPHONEOS_DEPLOYMENT_TARGET = 14.0;
				LD_RUNPATH_SEARCH_PATHS = (
					"$(inherited)",
					"@executable_path/Frameworks",
				);
				PRODUCT_BUNDLE_IDENTIFIER = com.CYDev.Kanarek;
				PRODUCT_NAME = "$(TARGET_NAME)";
				SWIFT_VERSION = 5.0;
				TARGETED_DEVICE_FAMILY = 1;
			};
			name = Release;
		};
/* End XCBuildConfiguration section */

/* Begin XCConfigurationList section */
		83E5BFAB256AB648005C56B0 /* Build configuration list for PBXProject "Kanarek" */ = {
			isa = XCConfigurationList;
			buildConfigurations = (
				83E5BFC2256AB64C005C56B0 /* Debug */,
				83E5BFC3256AB64C005C56B0 /* Release */,
			);
			defaultConfigurationIsVisible = 0;
			defaultConfigurationName = Release;
		};
		83E5BFC4256AB64C005C56B0 /* Build configuration list for PBXNativeTarget "Kanarek" */ = {
			isa = XCConfigurationList;
			buildConfigurations = (
				83E5BFC5256AB64C005C56B0 /* Debug */,
				83E5BFC6256AB64C005C56B0 /* Release */,
			);
			defaultConfigurationIsVisible = 0;
			defaultConfigurationName = Release;
		};
/* End XCConfigurationList section */
	};
	rootObject = 83E5BFA8256AB648005C56B0 /* Project object */;
}
